
Microsoft Visual Studio Solution File, Format Version 12.00
# Visual Studio Version 16
VisualStudioVersion = 16.0.31829.152
MinimumVisualStudioVersion = 10.0.40219.1
Project("{FAE04EC0-301F-11D3-BF4B-00C04F79EFBC}") = "Zadacha13.1", "Zadacha13.1\Zadacha13.1.csproj", "{4920EE21-ACE3-4B10-AE1C-6F230E0A2F5A}"
EndProject
Global
	GlobalSection(SolutionConfigurationPlatforms) = preSolution
		Debug|Any CPU = Debug|Any CPU
		Release|Any CPU = Release|Any CPU
	EndGlobalSection
	GlobalSection(ProjectConfigurationPlatforms) = postSolution
		{4920EE21-ACE3-4B10-AE1C-6F230E0A2F5A}.Debug|Any CPU.ActiveCfg = Debug|Any CPU
		{4920EE21-ACE3-4B10-AE1C-6F230E0A2F5A}.Debug|Any CPU.Build.0 = Debug|Any CPU
		{4920EE21-ACE3-4B10-AE1C-6F230E0A2F5A}.Release|Any CPU.ActiveCfg = Release|Any CPU
		{4920EE21-ACE3-4B10-AE1C-6F230E0A2F5A}.Release|Any CPU.Build.0 = Release|Any CPU
	EndGlobalSection
	GlobalSection(SolutionProperties) = preSolution
		HideSolutionNode = FALSE
	EndGlobalSection
	GlobalSection(ExtensibilityGlobals) = postSolution
		SolutionGuid = {B55BA471-A856-4A40-AFEB-5FD0978C93B8}
	EndGlobalSection
EndGlobal
